{
  "name": "cookieclickerbot",
  "version": "1.0.0",
  "lockfileVersion": 2,
  "requires": true,
  "packages": {
    "": {
      "name": "cookieclickerbot",
      "version": "1.0.0",
      "license": "MIT",
      "dependencies": {
        "@types/cookieclicker": "^2.44.0"
      }
    },
    "node_modules/@types/cookieclicker": {
      "version": "2.44.0",
      "resolved": "https://registry.npmjs.org/@types/cookieclicker/-/cookieclicker-2.44.0.tgz",
      "integrity": "sha512-bNaFGywMR/1NXozPwBzHZ/Bk6RPU2wQKa3b+otHElqergXcuN440pZqdoLfYgM074zxO8xtZ/1TaOD6UD8ydMw=="
    }
  },
  "dependencies": {
    "@types/cookieclicker": {
      "version": "2.44.0",
      "resolved": "https://registry.npmjs.org/@types/cookieclicker/-/cookieclicker-2.44.0.tgz",
      "integrity": "sha512-bNaFGywMR/1NXozPwBzHZ/Bk6RPU2wQKa3b+otHElqergXcuN440pZqdoLfYgM074zxO8xtZ/1TaOD6UD8ydMw=="
    }
  }
}
